
Microsoft Visual Studio Solution File, Format Version 12.00
# Visual Studio Version 17
VisualStudioVersion = 17.2.32630.192
MinimumVisualStudioVersion = 10.0.40219.1
Project("{FAE04EC0-301F-11D3-BF4B-00C04F79EFBC}") = "ServiceLifeTimeSample", "ServiceLifeTimeSample\ServiceLifeTimeSample.csproj", "{B7B46D97-439B-431E-AF1D-2395A206C707}"
EndProject
Global
	GlobalSection(SolutionConfigurationPlatforms) = preSolution
		Debug|Any CPU = Debug|Any CPU
		Release|Any CPU = Release|Any CPU
	EndGlobalSection
	GlobalSection(ProjectConfigurationPlatforms) = postSolution
		{B7B46D97-439B-431E-AF1D-2395A206C707}.Debug|Any CPU.ActiveCfg = Debug|Any CPU
		{B7B46D97-439B-431E-AF1D-2395A206C707}.Debug|Any CPU.Build.0 = Debug|Any CPU
		{B7B46D97-439B-431E-AF1D-2395A206C707}.Release|Any CPU.ActiveCfg = Release|Any CPU
		{B7B46D97-439B-431E-AF1D-2395A206C707}.Release|Any CPU.Build.0 = Release|Any CPU
	EndGlobalSection
	GlobalSection(SolutionProperties) = preSolution
		HideSolutionNode = FALSE
	EndGlobalSection
	GlobalSection(ExtensibilityGlobals) = postSolution
		SolutionGuid = {078AA188-5D1A-4D73-8D49-749767CAC350}
	EndGlobalSection
EndGlobal
